
Microsoft Visual Studio Solution File, Format Version 12.00
# Visual Studio Version 16
VisualStudioVersion = 16.0.29230.47
MinimumVisualStudioVersion = 10.0.40219.1
Project("{FAE04EC0-301F-11D3-BF4B-00C04F79EFBC}") = "IntroductionToMethodsLecture", "IntroductionToMethodsLecture.csproj", "{EA27C685-0BBB-4C47-ACD5-6BDE32A4E66A}"
EndProject
Global
	GlobalSection(SolutionConfigurationPlatforms) = preSolution
		Debug|Any CPU = Debug|Any CPU
		Release|Any CPU = Release|Any CPU
	EndGlobalSection
	GlobalSection(ProjectConfigurationPlatforms) = postSolution
		{EA27C685-0BBB-4C47-ACD5-6BDE32A4E66A}.Debug|Any CPU.ActiveCfg = Debug|Any CPU
		{EA27C685-0BBB-4C47-ACD5-6BDE32A4E66A}.Debug|Any CPU.Build.0 = Debug|Any CPU
		{EA27C685-0BBB-4C47-ACD5-6BDE32A4E66A}.Release|Any CPU.ActiveCfg = Release|Any CPU
		{EA27C685-0BBB-4C47-ACD5-6BDE32A4E66A}.Release|Any CPU.Build.0 = Release|Any CPU
	EndGlobalSection
	GlobalSection(SolutionProperties) = preSolution
		HideSolutionNode = FALSE
	EndGlobalSection
	GlobalSection(ExtensibilityGlobals) = postSolution
		SolutionGuid = {F5ABFDCF-D85F-4CCD-9106-60341A115C63}
	EndGlobalSection
EndGlobal
