
Microsoft Visual Studio Solution File, Format Version 12.00
# Visual Studio Version 16
VisualStudioVersion = 16.0.29230.47
MinimumVisualStudioVersion = 10.0.40219.1
Project("{FAE04EC0-301F-11D3-BF4B-00C04F79EFBC}") = "Exercise10", "Exercise10.csproj", "{0748EB02-78C1-4AA4-BE16-2F762AECD957}"
EndProject
Global
	GlobalSection(SolutionConfigurationPlatforms) = preSolution
		Debug|Any CPU = Debug|Any CPU
		Release|Any CPU = Release|Any CPU
	EndGlobalSection
	GlobalSection(ProjectConfigurationPlatforms) = postSolution
		{0748EB02-78C1-4AA4-BE16-2F762AECD957}.Debug|Any CPU.ActiveCfg = Debug|Any CPU
		{0748EB02-78C1-4AA4-BE16-2F762AECD957}.Debug|Any CPU.Build.0 = Debug|Any CPU
		{0748EB02-78C1-4AA4-BE16-2F762AECD957}.Release|Any CPU.ActiveCfg = Release|Any CPU
		{0748EB02-78C1-4AA4-BE16-2F762AECD957}.Release|Any CPU.Build.0 = Release|Any CPU
	EndGlobalSection
	GlobalSection(SolutionProperties) = preSolution
		HideSolutionNode = FALSE
	EndGlobalSection
	GlobalSection(ExtensibilityGlobals) = postSolution
		SolutionGuid = {0DAB4AF6-8BB0-4DF1-8188-D8F4B3D3481E}
	EndGlobalSection
EndGlobal
