
Microsoft Visual Studio Solution File, Format Version 12.00
# Visual Studio Version 16
VisualStudioVersion = 16.0.29230.47
MinimumVisualStudioVersion = 10.0.40219.1
Project("{FAE04EC0-301F-11D3-BF4B-00C04F79EFBC}") = "Exercise 7", "Exercise 7.csproj", "{DA320FB6-6806-48D5-8D8D-B4F1161912F6}"
EndProject
Global
	GlobalSection(SolutionConfigurationPlatforms) = preSolution
		Debug|Any CPU = Debug|Any CPU
		Release|Any CPU = Release|Any CPU
	EndGlobalSection
	GlobalSection(ProjectConfigurationPlatforms) = postSolution
		{DA320FB6-6806-48D5-8D8D-B4F1161912F6}.Debug|Any CPU.ActiveCfg = Debug|Any CPU
		{DA320FB6-6806-48D5-8D8D-B4F1161912F6}.Debug|Any CPU.Build.0 = Debug|Any CPU
		{DA320FB6-6806-48D5-8D8D-B4F1161912F6}.Release|Any CPU.ActiveCfg = Release|Any CPU
		{DA320FB6-6806-48D5-8D8D-B4F1161912F6}.Release|Any CPU.Build.0 = Release|Any CPU
	EndGlobalSection
	GlobalSection(SolutionProperties) = preSolution
		HideSolutionNode = FALSE
	EndGlobalSection
	GlobalSection(ExtensibilityGlobals) = postSolution
		SolutionGuid = {4301556C-5499-4788-AC74-5ED73C70FAAC}
	EndGlobalSection
EndGlobal
