
Microsoft Visual Studio Solution File, Format Version 12.00
# Visual Studio Version 16
VisualStudioVersion = 16.0.29230.47
MinimumVisualStudioVersion = 10.0.40219.1
Project("{FAE04EC0-301F-11D3-BF4B-00C04F79EFBC}") = "UserInputLecture", "UserInputLecture.csproj", "{C3120262-C1B6-4146-B872-E1CD890F7EBF}"
EndProject
Global
	GlobalSection(SolutionConfigurationPlatforms) = preSolution
		Debug|Any CPU = Debug|Any CPU
		Release|Any CPU = Release|Any CPU
	EndGlobalSection
	GlobalSection(ProjectConfigurationPlatforms) = postSolution
		{C3120262-C1B6-4146-B872-E1CD890F7EBF}.Debug|Any CPU.ActiveCfg = Debug|Any CPU
		{C3120262-C1B6-4146-B872-E1CD890F7EBF}.Debug|Any CPU.Build.0 = Debug|Any CPU
		{C3120262-C1B6-4146-B872-E1CD890F7EBF}.Release|Any CPU.ActiveCfg = Release|Any CPU
		{C3120262-C1B6-4146-B872-E1CD890F7EBF}.Release|Any CPU.Build.0 = Release|Any CPU
	EndGlobalSection
	GlobalSection(SolutionProperties) = preSolution
		HideSolutionNode = FALSE
	EndGlobalSection
	GlobalSection(ExtensibilityGlobals) = postSolution
		SolutionGuid = {E1D1251B-5BB7-4D32-8B41-ADC585E53C5A}
	EndGlobalSection
EndGlobal
