
Microsoft Visual Studio Solution File, Format Version 12.00
# Visual Studio Version 16
VisualStudioVersion = 16.0.29230.47
MinimumVisualStudioVersion = 10.0.40219.1
Project("{FAE04EC0-301F-11D3-BF4B-00C04F79EFBC}") = "Exercise 14", "Exercise 14.csproj", "{A6DDE475-F415-41BD-947B-E51E200F6341}"
EndProject
Global
	GlobalSection(SolutionConfigurationPlatforms) = preSolution
		Debug|Any CPU = Debug|Any CPU
		Release|Any CPU = Release|Any CPU
	EndGlobalSection
	GlobalSection(ProjectConfigurationPlatforms) = postSolution
		{A6DDE475-F415-41BD-947B-E51E200F6341}.Debug|Any CPU.ActiveCfg = Debug|Any CPU
		{A6DDE475-F415-41BD-947B-E51E200F6341}.Debug|Any CPU.Build.0 = Debug|Any CPU
		{A6DDE475-F415-41BD-947B-E51E200F6341}.Release|Any CPU.ActiveCfg = Release|Any CPU
		{A6DDE475-F415-41BD-947B-E51E200F6341}.Release|Any CPU.Build.0 = Release|Any CPU
	EndGlobalSection
	GlobalSection(SolutionProperties) = preSolution
		HideSolutionNode = FALSE
	EndGlobalSection
	GlobalSection(ExtensibilityGlobals) = postSolution
		SolutionGuid = {8B71394F-2EC1-459C-A2E5-A4CAA3102BA5}
	EndGlobalSection
EndGlobal
