
Microsoft Visual Studio Solution File, Format Version 12.00
# Visual Studio Version 16
VisualStudioVersion = 16.0.29230.47
MinimumVisualStudioVersion = 10.0.40219.1
Project("{FAE04EC0-301F-11D3-BF4B-00C04F79EFBC}") = "OverloadingOptiionParementersLecture", "OverloadingOptiionParementersLecture.csproj", "{8197F0F6-3B8C-4FC2-8854-1A608B4C1030}"
EndProject
Global
	GlobalSection(SolutionConfigurationPlatforms) = preSolution
		Debug|Any CPU = Debug|Any CPU
		Release|Any CPU = Release|Any CPU
	EndGlobalSection
	GlobalSection(ProjectConfigurationPlatforms) = postSolution
		{8197F0F6-3B8C-4FC2-8854-1A608B4C1030}.Debug|Any CPU.ActiveCfg = Debug|Any CPU
		{8197F0F6-3B8C-4FC2-8854-1A608B4C1030}.Debug|Any CPU.Build.0 = Debug|Any CPU
		{8197F0F6-3B8C-4FC2-8854-1A608B4C1030}.Release|Any CPU.ActiveCfg = Release|Any CPU
		{8197F0F6-3B8C-4FC2-8854-1A608B4C1030}.Release|Any CPU.Build.0 = Release|Any CPU
	EndGlobalSection
	GlobalSection(SolutionProperties) = preSolution
		HideSolutionNode = FALSE
	EndGlobalSection
	GlobalSection(ExtensibilityGlobals) = postSolution
		SolutionGuid = {1E45F112-CB12-4A88-B0B4-484FD4930BA9}
	EndGlobalSection
EndGlobal
