
Microsoft Visual Studio Solution File, Format Version 12.00
# Visual Studio Version 16
VisualStudioVersion = 16.0.29230.47
MinimumVisualStudioVersion = 10.0.40219.1
Project("{FAE04EC0-301F-11D3-BF4B-00C04F79EFBC}") = "InterationStatments", "InterationStatments.csproj", "{3E862EEF-D281-4747-B5BC-C06074560FB9}"
EndProject
Global
	GlobalSection(SolutionConfigurationPlatforms) = preSolution
		Debug|Any CPU = Debug|Any CPU
		Release|Any CPU = Release|Any CPU
	EndGlobalSection
	GlobalSection(ProjectConfigurationPlatforms) = postSolution
		{3E862EEF-D281-4747-B5BC-C06074560FB9}.Debug|Any CPU.ActiveCfg = Debug|Any CPU
		{3E862EEF-D281-4747-B5BC-C06074560FB9}.Debug|Any CPU.Build.0 = Debug|Any CPU
		{3E862EEF-D281-4747-B5BC-C06074560FB9}.Release|Any CPU.ActiveCfg = Release|Any CPU
		{3E862EEF-D281-4747-B5BC-C06074560FB9}.Release|Any CPU.Build.0 = Release|Any CPU
	EndGlobalSection
	GlobalSection(SolutionProperties) = preSolution
		HideSolutionNode = FALSE
	EndGlobalSection
	GlobalSection(ExtensibilityGlobals) = postSolution
		SolutionGuid = {331FF494-C73F-493E-93FC-BFA80CE8DB9F}
	EndGlobalSection
EndGlobal
